
Microsoft Visual Studio Solution File, Format Version 11.00
# Visual Studio 2010
Project("{FAE04EC0-301F-11D3-BF4B-00C04F79EFBC}") = "Assembly-CSharp-Editor", "Assembly-CSharp-Editor.csproj", "{a8d1236b-72a1-5781-145c-9041f6fd5761}"
EndProject
Project("{FAE04EC0-301F-11D3-BF4B-00C04F79EFBC}") = "ToonyColorsPro.Editor", "ToonyColorsPro.Editor.csproj", "{6268801e-a217-66c5-121e-0591f907e35e}"
EndProject
Project("{FAE04EC0-301F-11D3-BF4B-00C04F79EFBC}") = "Assembly-CSharp", "Assembly-CSharp.csproj", "{2a7cc7b5-41d4-f717-0f18-2331f887d9f6}"
EndProject
Project("{FAE04EC0-301F-11D3-BF4B-00C04F79EFBC}") = "ToonyColorsPro2.Demo", "ToonyColorsPro2.Demo.csproj", "{69702be0-5567-1fd5-0d30-d7954500c887}"
EndProject
Project("{FAE04EC0-301F-11D3-BF4B-00C04F79EFBC}") = "FMODUnityEditor", "FMODUnityEditor.csproj", "{7a2f28d4-0c40-d57d-6c5a-b5773f16a39b}"
EndProject
Project("{FAE04EC0-301F-11D3-BF4B-00C04F79EFBC}") = "ToonyColorsPro.Runtime", "ToonyColorsPro.Runtime.csproj", "{6efd43f5-0ede-5f22-59e5-90f0e89daf92}"
EndProject
Project("{FAE04EC0-301F-11D3-BF4B-00C04F79EFBC}") = "FMODUnityResonanceEditor", "FMODUnityResonanceEditor.csproj", "{5a073275-a1f9-b2e5-094d-175b4867cd46}"
EndProject
Project("{FAE04EC0-301F-11D3-BF4B-00C04F79EFBC}") = "FMODUnity", "FMODUnity.csproj", "{6a4126c3-b3dc-6b3d-3656-7713d442587a}"
EndProject
Project("{FAE04EC0-301F-11D3-BF4B-00C04F79EFBC}") = "FMODUnityResonance", "FMODUnityResonance.csproj", "{e237af9f-cc28-984a-384d-f699eec448b3}"
EndProject
Project("{FAE04EC0-301F-11D3-BF4B-00C04F79EFBC}") = "ToonyColorsPro.Demo.Editor", "ToonyColorsPro.Demo.Editor.csproj", "{affdc108-f496-64c0-b1c9-ffdd2d3d9f80}"
EndProject
Project("{FAE04EC0-301F-11D3-BF4B-00C04F79EFBC}") = "Assembly-CSharp-firstpass", "Assembly-CSharp-firstpass.csproj", "{495fae4b-a26b-0b37-5af0-03967480aad1}"
EndProject
Global
	GlobalSection(SolutionConfigurationPlatforms) = preSolution
		Debug|Any CPU = Debug|Any CPU
	EndGlobalSection
	GlobalSection(ProjectConfigurationPlatforms) = postSolution
		{a8d1236b-72a1-5781-145c-9041f6fd5761}.Debug|Any CPU.ActiveCfg = Debug|Any CPU
		{a8d1236b-72a1-5781-145c-9041f6fd5761}.Debug|Any CPU.Build.0 = Debug|Any CPU
		{6268801e-a217-66c5-121e-0591f907e35e}.Debug|Any CPU.ActiveCfg = Debug|Any CPU
		{6268801e-a217-66c5-121e-0591f907e35e}.Debug|Any CPU.Build.0 = Debug|Any CPU
		{2a7cc7b5-41d4-f717-0f18-2331f887d9f6}.Debug|Any CPU.ActiveCfg = Debug|Any CPU
		{2a7cc7b5-41d4-f717-0f18-2331f887d9f6}.Debug|Any CPU.Build.0 = Debug|Any CPU
		{69702be0-5567-1fd5-0d30-d7954500c887}.Debug|Any CPU.ActiveCfg = Debug|Any CPU
		{69702be0-5567-1fd5-0d30-d7954500c887}.Debug|Any CPU.Build.0 = Debug|Any CPU
		{7a2f28d4-0c40-d57d-6c5a-b5773f16a39b}.Debug|Any CPU.ActiveCfg = Debug|Any CPU
		{7a2f28d4-0c40-d57d-6c5a-b5773f16a39b}.Debug|Any CPU.Build.0 = Debug|Any CPU
		{6efd43f5-0ede-5f22-59e5-90f0e89daf92}.Debug|Any CPU.ActiveCfg = Debug|Any CPU
		{6efd43f5-0ede-5f22-59e5-90f0e89daf92}.Debug|Any CPU.Build.0 = Debug|Any CPU
		{5a073275-a1f9-b2e5-094d-175b4867cd46}.Debug|Any CPU.ActiveCfg = Debug|Any CPU
		{5a073275-a1f9-b2e5-094d-175b4867cd46}.Debug|Any CPU.Build.0 = Debug|Any CPU
		{6a4126c3-b3dc-6b3d-3656-7713d442587a}.Debug|Any CPU.ActiveCfg = Debug|Any CPU
		{6a4126c3-b3dc-6b3d-3656-7713d442587a}.Debug|Any CPU.Build.0 = Debug|Any CPU
		{e237af9f-cc28-984a-384d-f699eec448b3}.Debug|Any CPU.ActiveCfg = Debug|Any CPU
		{e237af9f-cc28-984a-384d-f699eec448b3}.Debug|Any CPU.Build.0 = Debug|Any CPU
		{affdc108-f496-64c0-b1c9-ffdd2d3d9f80}.Debug|Any CPU.ActiveCfg = Debug|Any CPU
		{affdc108-f496-64c0-b1c9-ffdd2d3d9f80}.Debug|Any CPU.Build.0 = Debug|Any CPU
		{495fae4b-a26b-0b37-5af0-03967480aad1}.Debug|Any CPU.ActiveCfg = Debug|Any CPU
		{495fae4b-a26b-0b37-5af0-03967480aad1}.Debug|Any CPU.Build.0 = Debug|Any CPU
	EndGlobalSection
	GlobalSection(SolutionProperties) = preSolution
		HideSolutionNode = FALSE
	EndGlobalSection
EndGlobal
